
Microsoft Visual Studio Solution File, Format Version 12.00
# Visual Studio Version 16
VisualStudioVersion = 16.0.31605.320
MinimumVisualStudioVersion = 10.0.40219.1
Project("{9A19103F-16F7-4668-BE54-9A1E7A4F7556}") = "NETCore", "NETCore\NETCore.csproj", "{42B63DCC-E3E2-4197-9258-4209DFDC2EBF}"
EndProject
Project("{FAE04EC0-301F-11D3-BF4B-00C04F79EFBC}") = "ImplementCors", "ImplementCors\ImplementCors.csproj", "{FDD13462-41B9-4125-ACAA-9C97D7616716}"
EndProject
Global
	GlobalSection(SolutionConfigurationPlatforms) = preSolution
		Debug|Any CPU = Debug|Any CPU
		Release|Any CPU = Release|Any CPU
	EndGlobalSection
	GlobalSection(ProjectConfigurationPlatforms) = postSolution
		{42B63DCC-E3E2-4197-9258-4209DFDC2EBF}.Debug|Any CPU.ActiveCfg = Debug|Any CPU
		{42B63DCC-E3E2-4197-9258-4209DFDC2EBF}.Debug|Any CPU.Build.0 = Debug|Any CPU
		{42B63DCC-E3E2-4197-9258-4209DFDC2EBF}.Release|Any CPU.ActiveCfg = Release|Any CPU
		{42B63DCC-E3E2-4197-9258-4209DFDC2EBF}.Release|Any CPU.Build.0 = Release|Any CPU
		{FDD13462-41B9-4125-ACAA-9C97D7616716}.Debug|Any CPU.ActiveCfg = Debug|Any CPU
		{FDD13462-41B9-4125-ACAA-9C97D7616716}.Debug|Any CPU.Build.0 = Debug|Any CPU
		{FDD13462-41B9-4125-ACAA-9C97D7616716}.Release|Any CPU.ActiveCfg = Release|Any CPU
		{FDD13462-41B9-4125-ACAA-9C97D7616716}.Release|Any CPU.Build.0 = Release|Any CPU
	EndGlobalSection
	GlobalSection(SolutionProperties) = preSolution
		HideSolutionNode = FALSE
	EndGlobalSection
	GlobalSection(ExtensibilityGlobals) = postSolution
		SolutionGuid = {7BA27D33-1F1F-4A32-997C-375D9074F809}
	EndGlobalSection
EndGlobal
